
Microsoft Visual Studio Solution File, Format Version 12.00
# Visual Studio Version 17
VisualStudioVersion = 17.4.33122.133
MinimumVisualStudioVersion = 10.0.40219.1
Project("{8BC9CEB8-8B4A-11D0-8D11-00A0C91BC942}") = "SolucionSumaArreglosParalela_JoseAntonio_Mendoza", "SolucionSumaArreglosParalela_JoseAntonio_Mendoza\SolucionSumaArreglosParalela_JoseAntonio_Mendoza.vcxproj", "{6C731100-9DEE-4039-8C70-8B15A69122C3}"
EndProject
Global
	GlobalSection(SolutionConfigurationPlatforms) = preSolution
		Debug|x64 = Debug|x64
		Debug|x86 = Debug|x86
		Release|x64 = Release|x64
		Release|x86 = Release|x86
	EndGlobalSection
	GlobalSection(ProjectConfigurationPlatforms) = postSolution
		{6C731100-9DEE-4039-8C70-8B15A69122C3}.Debug|x64.ActiveCfg = Debug|x64
		{6C731100-9DEE-4039-8C70-8B15A69122C3}.Debug|x64.Build.0 = Debug|x64
		{6C731100-9DEE-4039-8C70-8B15A69122C3}.Debug|x86.ActiveCfg = Debug|Win32
		{6C731100-9DEE-4039-8C70-8B15A69122C3}.Debug|x86.Build.0 = Debug|Win32
		{6C731100-9DEE-4039-8C70-8B15A69122C3}.Release|x64.ActiveCfg = Release|x64
		{6C731100-9DEE-4039-8C70-8B15A69122C3}.Release|x64.Build.0 = Release|x64
		{6C731100-9DEE-4039-8C70-8B15A69122C3}.Release|x86.ActiveCfg = Release|Win32
		{6C731100-9DEE-4039-8C70-8B15A69122C3}.Release|x86.Build.0 = Release|Win32
	EndGlobalSection
	GlobalSection(SolutionProperties) = preSolution
		HideSolutionNode = FALSE
	EndGlobalSection
	GlobalSection(ExtensibilityGlobals) = postSolution
		SolutionGuid = {16E18CE1-FB85-4E87-89F2-9CE12F38B199}
	EndGlobalSection
EndGlobal
